// !$*UTF8*$!
{
	archiveVersion = 1;
	classes = {
	};
	objectVersion = 46;
	objects = {

/* Begin PBXBuildFile section */
		0A20E86FA0757170C34D1322 /* Pods_SocialWallet_iOS_SDK_DemoTests.framework in Frameworks */ = {isa = PBXBuildFile; fileRef = F60AC606E9622767741181D2 /* Pods_SocialWallet_iOS_SDK_DemoTests.framework */; };
		5BCB40E6DB9E7CC8187AA247 /* Pods_SocialWallet_iOS_SDK_DemoUITests.framework in Frameworks */ = {isa = PBXBuildFile; fileRef = 11C81B2765602B43EE49B87D /* Pods_SocialWallet_iOS_SDK_DemoUITests.framework */; };
		6F7CDD6813B6C9A09EC7969B /* Pods_SocialWallet_iOS_SDK_Demo.framework in Frameworks */ = {isa = PBXBuildFile; fileRef = E9CF5F56B41531C7BE09475D /* Pods_SocialWallet_iOS_SDK_Demo.framework */; };
		716D9CC81FC333A800DADF05 /* GetUserNameCallback.swift in Sources */ = {isa = PBXBuildFile; fileRef = 716D9CC71FC333A800DADF05 /* GetUserNameCallback.swift */; };
		716D9CCA1FC333BC00DADF05 /* BackToRequestApp.swift in Sources */ = {isa = PBXBuildFile; fileRef = 716D9CC91FC333BC00DADF05 /* BackToRequestApp.swift */; };
		717A5A411F04F4A200D6B1DC /* AppDelegate.swift in Sources */ = {isa = PBXBuildFile; fileRef = 717A5A401F04F4A200D6B1DC /* AppDelegate.swift */; };
		717A5A461F04F4A200D6B1DC /* Main.storyboard in Resources */ = {isa = PBXBuildFile; fileRef = 717A5A441F04F4A200D6B1DC /* Main.storyboard */; };
		717A5A481F04F4A200D6B1DC /* Assets.xcassets in Resources */ = {isa = PBXBuildFile; fileRef = 717A5A471F04F4A200D6B1DC /* Assets.xcassets */; };
		717A5A4B1F04F4A200D6B1DC /* LaunchScreen.storyboard in Resources */ = {isa = PBXBuildFile; fileRef = 717A5A491F04F4A200D6B1DC /* LaunchScreen.storyboard */; };
		717A5A561F04F4A200D6B1DC /* SocialWallet_iOS_SDK_DemoTests.swift in Sources */ = {isa = PBXBuildFile; fileRef = 717A5A551F04F4A200D6B1DC /* SocialWallet_iOS_SDK_DemoTests.swift */; };
		717A5A611F04F4A200D6B1DC /* SocialWallet_iOS_SDK_DemoUITests.swift in Sources */ = {isa = PBXBuildFile; fileRef = 717A5A601F04F4A200D6B1DC /* SocialWallet_iOS_SDK_DemoUITests.swift */; };
		718746EA1F220CEA00760112 /* ViewController.swift in Sources */ = {isa = PBXBuildFile; fileRef = 718746E91F220CEA00760112 /* ViewController.swift */; };
/* End PBXBuildFile section */

/* Begin PBXContainerItemProxy section */
		717A5A521F04F4A200D6B1DC /* PBXContainerItemProxy */ = {
			isa = PBXContainerItemProxy;
			containerPortal = 717A5A351F04F4A200D6B1DC /* Project object */;
			proxyType = 1;
			remoteGlobalIDString = 717A5A3C1F04F4A200D6B1DC;
			remoteInfo = "SocialWallet-iOS-SDK-Demo";
		};
		717A5A5D1F04F4A200D6B1DC /* PBXContainerItemProxy */ = {
			isa = PBXContainerItemProxy;
			containerPortal = 717A5A351F04F4A200D6B1DC /* Project object */;
			proxyType = 1;
			remoteGlobalIDString = 717A5A3C1F04F4A200D6B1DC;
			remoteInfo = "SocialWallet-iOS-SDK-Demo";
		};
/* End PBXContainerItemProxy section */

/* Begin PBXFileReference section */
		0A99D00F90F90B290F554070 /* Pods-SocialWallet-iOS-SDK-Demo.debug.xcconfig */ = {isa = PBXFileReference; includeInIndex = 1; lastKnownFileType = text.xcconfig; name = "Pods-SocialWallet-iOS-SDK-Demo.debug.xcconfig"; path = "Pods/Target Support Files/Pods-SocialWallet-iOS-SDK-Demo/Pods-SocialWallet-iOS-SDK-Demo.debug.xcconfig"; sourceTree = "<group>"; };
		11C81B2765602B43EE49B87D /* Pods_SocialWallet_iOS_SDK_DemoUITests.framework */ = {isa = PBXFileReference; explicitFileType = wrapper.framework; includeInIndex = 0; path = Pods_SocialWallet_iOS_SDK_DemoUITests.framework; sourceTree = BUILT_PRODUCTS_DIR; };
		30B3185F4BDB5F297C910681 /* Pods-SocialWallet-iOS-SDK-Demo.release.xcconfig */ = {isa = PBXFileReference; includeInIndex = 1; lastKnownFileType = text.xcconfig; name = "Pods-SocialWallet-iOS-SDK-Demo.release.xcconfig"; path = "Pods/Target Support Files/Pods-SocialWallet-iOS-SDK-Demo/Pods-SocialWallet-iOS-SDK-Demo.release.xcconfig"; sourceTree = "<group>"; };
		5FA7025021916D87A9FC86C3 /* Pods-SocialWallet-iOS-SDK-DemoTests.release.xcconfig */ = {isa = PBXFileReference; includeInIndex = 1; lastKnownFileType = text.xcconfig; name = "Pods-SocialWallet-iOS-SDK-DemoTests.release.xcconfig"; path = "Pods/Target Support Files/Pods-SocialWallet-iOS-SDK-DemoTests/Pods-SocialWallet-iOS-SDK-DemoTests.release.xcconfig"; sourceTree = "<group>"; };
		716D9CC71FC333A800DADF05 /* GetUserNameCallback.swift */ = {isa = PBXFileReference; lastKnownFileType = sourcecode.swift; path = GetUserNameCallback.swift; sourceTree = "<group>"; };
		716D9CC91FC333BC00DADF05 /* BackToRequestApp.swift */ = {isa = PBXFileReference; lastKnownFileType = sourcecode.swift; path = BackToRequestApp.swift; sourceTree = "<group>"; };
		717A5A3D1F04F4A200D6B1DC /* SocialWallet-iOS-SDK-Demo.app */ = {isa = PBXFileReference; explicitFileType = wrapper.application; includeInIndex = 0; path = "SocialWallet-iOS-SDK-Demo.app"; sourceTree = BUILT_PRODUCTS_DIR; };
		717A5A401F04F4A200D6B1DC /* AppDelegate.swift */ = {isa = PBXFileReference; lastKnownFileType = sourcecode.swift; path = AppDelegate.swift; sourceTree = "<group>"; };
		717A5A451F04F4A200D6B1DC /* Base */ = {isa = PBXFileReference; lastKnownFileType = file.storyboard; name = Base; path = Base.lproj/Main.storyboard; sourceTree = "<group>"; };
		717A5A471F04F4A200D6B1DC /* Assets.xcassets */ = {isa = PBXFileReference; lastKnownFileType = folder.assetcatalog; path = Assets.xcassets; sourceTree = "<group>"; };
		717A5A4A1F04F4A200D6B1DC /* Base */ = {isa = PBXFileReference; lastKnownFileType = file.storyboard; name = Base; path = Base.lproj/LaunchScreen.storyboard; sourceTree = "<group>"; };
		717A5A4C1F04F4A200D6B1DC /* Info.plist */ = {isa = PBXFileReference; lastKnownFileType = text.plist.xml; path = Info.plist; sourceTree = "<group>"; };
		717A5A511F04F4A200D6B1DC /* SocialWallet-iOS-SDK-DemoTests.xctest */ = {isa = PBXFileReference; explicitFileType = wrapper.cfbundle; includeInIndex = 0; path = "SocialWallet-iOS-SDK-DemoTests.xctest"; sourceTree = BUILT_PRODUCTS_DIR; };
		717A5A551F04F4A200D6B1DC /* SocialWallet_iOS_SDK_DemoTests.swift */ = {isa = PBXFileReference; lastKnownFileType = sourcecode.swift; path = SocialWallet_iOS_SDK_DemoTests.swift; sourceTree = "<group>"; };
		717A5A571F04F4A200D6B1DC /* Info.plist */ = {isa = PBXFileReference; lastKnownFileType = text.plist.xml; path = Info.plist; sourceTree = "<group>"; };
		717A5A5C1F04F4A200D6B1DC /* SocialWallet-iOS-SDK-DemoUITests.xctest */ = {isa = PBXFileReference; explicitFileType = wrapper.cfbundle; includeInIndex = 0; path = "SocialWallet-iOS-SDK-DemoUITests.xctest"; sourceTree = BUILT_PRODUCTS_DIR; };
		717A5A601F04F4A200D6B1DC /* SocialWallet_iOS_SDK_DemoUITests.swift */ = {isa = PBXFileReference; lastKnownFileType = sourcecode.swift; path = SocialWallet_iOS_SDK_DemoUITests.swift; sourceTree = "<group>"; };
		717A5A621F04F4A200D6B1DC /* Info.plist */ = {isa = PBXFileReference; lastKnownFileType = text.plist.xml; path = Info.plist; sourceTree = "<group>"; };
		718746E91F220CEA00760112 /* ViewController.swift */ = {isa = PBXFileReference; fileEncoding = 4; lastKnownFileType = sourcecode.swift; path = ViewController.swift; sourceTree = "<group>"; };
		817FAE78F9AAA00E663DF760 /* Pods-SocialWallet-iOS-SDK-DemoUITests.release.xcconfig */ = {isa = PBXFileReference; includeInIndex = 1; lastKnownFileType = text.xcconfig; name = "Pods-SocialWallet-iOS-SDK-DemoUITests.release.xcconfig"; path = "Pods/Target Support Files/Pods-SocialWallet-iOS-SDK-DemoUITests/Pods-SocialWallet-iOS-SDK-DemoUITests.release.xcconfig"; sourceTree = "<group>"; };
		A49261187DC51D3AB1831B17 /* Pods-SocialWallet-iOS-SDK-DemoTests.debug.xcconfig */ = {isa = PBXFileReference; includeInIndex = 1; lastKnownFileType = text.xcconfig; name = "Pods-SocialWallet-iOS-SDK-DemoTests.debug.xcconfig"; path = "Pods/Target Support Files/Pods-SocialWallet-iOS-SDK-DemoTests/Pods-SocialWallet-iOS-SDK-DemoTests.debug.xcconfig"; sourceTree = "<group>"; };
		E9CF5F56B41531C7BE09475D /* Pods_SocialWallet_iOS_SDK_Demo.framework */ = {isa = PBXFileReference; explicitFileType = wrapper.framework; includeInIndex = 0; path = Pods_SocialWallet_iOS_SDK_Demo.framework; sourceTree = BUILT_PRODUCTS_DIR; };
		F47E65E1A02C83162EDA932F /* Pods-SocialWallet-iOS-SDK-DemoUITests.debug.xcconfig */ = {isa = PBXFileReference; includeInIndex = 1; lastKnownFileType = text.xcconfig; name = "Pods-SocialWallet-iOS-SDK-DemoUITests.debug.xcconfig"; path = "Pods/Target Support Files/Pods-SocialWallet-iOS-SDK-DemoUITests/Pods-SocialWallet-iOS-SDK-DemoUITests.debug.xcconfig"; sourceTree = "<group>"; };
		F60AC606E9622767741181D2 /* Pods_SocialWallet_iOS_SDK_DemoTests.framework */ = {isa = PBXFileReference; explicitFileType = wrapper.framework; includeInIndex = 0; path = Pods_SocialWallet_iOS_SDK_DemoTests.framework; sourceTree = BUILT_PRODUCTS_DIR; };
/* End PBXFileReference section */

/* Begin PBXFrameworksBuildPhase section */
		717A5A3A1F04F4A200D6B1DC /* Frameworks */ = {
			isa = PBXFrameworksBuildPhase;
			buildActionMask = 2147483647;
			files = (
				6F7CDD6813B6C9A09EC7969B /* Pods_SocialWallet_iOS_SDK_Demo.framework in Frameworks */,
			);
			runOnlyForDeploymentPostprocessing = 0;
		};
		717A5A4E1F04F4A200D6B1DC /* Frameworks */ = {
			isa = PBXFrameworksBuildPhase;
			buildActionMask = 2147483647;
			files = (
				0A20E86FA0757170C34D1322 /* Pods_SocialWallet_iOS_SDK_DemoTests.framework in Frameworks */,
			);
			runOnlyForDeploymentPostprocessing = 0;
		};
		717A5A591F04F4A200D6B1DC /* Frameworks */ = {
			isa = PBXFrameworksBuildPhase;
			buildActionMask = 2147483647;
			files = (
				5BCB40E6DB9E7CC8187AA247 /* Pods_SocialWallet_iOS_SDK_DemoUITests.framework in Frameworks */,
			);
			runOnlyForDeploymentPostprocessing = 0;
		};
/* End PBXFrameworksBuildPhase section */

/* Begin PBXGroup section */
		18D40DC51A41416B95ACE848 /* Pods */ = {
			isa = PBXGroup;
			children = (
				0A99D00F90F90B290F554070 /* Pods-SocialWallet-iOS-SDK-Demo.debug.xcconfig */,
				30B3185F4BDB5F297C910681 /* Pods-SocialWallet-iOS-SDK-Demo.release.xcconfig */,
				A49261187DC51D3AB1831B17 /* Pods-SocialWallet-iOS-SDK-DemoTests.debug.xcconfig */,
				5FA7025021916D87A9FC86C3 /* Pods-SocialWallet-iOS-SDK-DemoTests.release.xcconfig */,
				F47E65E1A02C83162EDA932F /* Pods-SocialWallet-iOS-SDK-DemoUITests.debug.xcconfig */,
				817FAE78F9AAA00E663DF760 /* Pods-SocialWallet-iOS-SDK-DemoUITests.release.xcconfig */,
			);
			name = Pods;
			sourceTree = "<group>";
		};
		2DA4A8D3F4A7C602DCDA16C2 /* Frameworks */ = {
			isa = PBXGroup;
			children = (
				E9CF5F56B41531C7BE09475D /* Pods_SocialWallet_iOS_SDK_Demo.framework */,
				F60AC606E9622767741181D2 /* Pods_SocialWallet_iOS_SDK_DemoTests.framework */,
				11C81B2765602B43EE49B87D /* Pods_SocialWallet_iOS_SDK_DemoUITests.framework */,
			);
			name = Frameworks;
			sourceTree = "<group>";
		};
		717A5A341F04F4A200D6B1DC = {
			isa = PBXGroup;
			children = (
				717A5A3F1F04F4A200D6B1DC /* SocialWallet-iOS-SDK-Demo */,
				717A5A541F04F4A200D6B1DC /* SocialWallet-iOS-SDK-DemoTests */,
				717A5A5F1F04F4A200D6B1DC /* SocialWallet-iOS-SDK-DemoUITests */,
				717A5A3E1F04F4A200D6B1DC /* Products */,
				18D40DC51A41416B95ACE848 /* Pods */,
				2DA4A8D3F4A7C602DCDA16C2 /* Frameworks */,
			);
			sourceTree = "<group>";
		};
		717A5A3E1F04F4A200D6B1DC /* Products */ = {
			isa = PBXGroup;
			children = (
				717A5A3D1F04F4A200D6B1DC /* SocialWallet-iOS-SDK-Demo.app */,
				717A5A511F04F4A200D6B1DC /* SocialWallet-iOS-SDK-DemoTests.xctest */,
				717A5A5C1F04F4A200D6B1DC /* SocialWallet-iOS-SDK-DemoUITests.xctest */,
			);
			name = Products;
			sourceTree = "<group>";
		};
		717A5A3F1F04F4A200D6B1DC /* SocialWallet-iOS-SDK-Demo */ = {
			isa = PBXGroup;
			children = (
				717A5A401F04F4A200D6B1DC /* AppDelegate.swift */,
				717A5A441F04F4A200D6B1DC /* Main.storyboard */,
				717A5A471F04F4A200D6B1DC /* Assets.xcassets */,
				717A5A491F04F4A200D6B1DC /* LaunchScreen.storyboard */,
				717A5A4C1F04F4A200D6B1DC /* Info.plist */,
				718746E91F220CEA00760112 /* ViewController.swift */,
				716D9CC71FC333A800DADF05 /* GetUserNameCallback.swift */,
				716D9CC91FC333BC00DADF05 /* BackToRequestApp.swift */,
			);
			path = "SocialWallet-iOS-SDK-Demo";
			sourceTree = "<group>";
		};
		717A5A541F04F4A200D6B1DC /* SocialWallet-iOS-SDK-DemoTests */ = {
			isa = PBXGroup;
			children = (
				717A5A551F04F4A200D6B1DC /* SocialWallet_iOS_SDK_DemoTests.swift */,
				717A5A571F04F4A200D6B1DC /* Info.plist */,
			);
			path = "SocialWallet-iOS-SDK-DemoTests";
			sourceTree = "<group>";
		};
		717A5A5F1F04F4A200D6B1DC /* SocialWallet-iOS-SDK-DemoUITests */ = {
			isa = PBXGroup;
			children = (
				717A5A601F04F4A200D6B1DC /* SocialWallet_iOS_SDK_DemoUITests.swift */,
				717A5A621F04F4A200D6B1DC /* Info.plist */,
			);
			path = "SocialWallet-iOS-SDK-DemoUITests";
			sourceTree = "<group>";
		};
/* End PBXGroup section */

/* Begin PBXNativeTarget section */
		717A5A3C1F04F4A200D6B1DC /* SocialWallet-iOS-SDK-Demo */ = {
			isa = PBXNativeTarget;
			buildConfigurationList = 717A5A651F04F4A200D6B1DC /* Build configuration list for PBXNativeTarget "SocialWallet-iOS-SDK-Demo" */;
			buildPhases = (
				079EA41F64EBED951E38AFEF /* [CP] Check Pods Manifest.lock */,
				717A5A391F04F4A200D6B1DC /* Sources */,
				717A5A3A1F04F4A200D6B1DC /* Frameworks */,
				717A5A3B1F04F4A200D6B1DC /* Resources */,
				9ED8B1BD3DB27E5C9104DA6C /* [CP] Embed Pods Frameworks */,
				968039C68D96AFD83D8F22CB /* [CP] Copy Pods Resources */,
			);
			buildRules = (
			);
			dependencies = (
			);
			name = "SocialWallet-iOS-SDK-Demo";
			productName = "SocialWallet-iOS-SDK-Demo";
			productReference = 717A5A3D1F04F4A200D6B1DC /* SocialWallet-iOS-SDK-Demo.app */;
			productType = "com.apple.product-type.application";
		};
		717A5A501F04F4A200D6B1DC /* SocialWallet-iOS-SDK-DemoTests */ = {
			isa = PBXNativeTarget;
			buildConfigurationList = 717A5A681F04F4A200D6B1DC /* Build configuration list for PBXNativeTarget "SocialWallet-iOS-SDK-DemoTests" */;
			buildPhases = (
				02DEE896A0E46B4CB34EECB7 /* [CP] Check Pods Manifest.lock */,
				717A5A4D1F04F4A200D6B1DC /* Sources */,
				717A5A4E1F04F4A200D6B1DC /* Frameworks */,
				717A5A4F1F04F4A200D6B1DC /* Resources */,
				DAC55B490919D159B4D50B4B /* [CP] Embed Pods Frameworks */,
				4107DAEEBE575BD32E93984B /* [CP] Copy Pods Resources */,
			);
			buildRules = (
			);
			dependencies = (
				717A5A531F04F4A200D6B1DC /* PBXTargetDependency */,
			);
			name = "SocialWallet-iOS-SDK-DemoTests";
			productName = "SocialWallet-iOS-SDK-DemoTests";
			productReference = 717A5A511F04F4A200D6B1DC /* SocialWallet-iOS-SDK-DemoTests.xctest */;
			productType = "com.apple.product-type.bundle.unit-test";
		};
		717A5A5B1F04F4A200D6B1DC /* SocialWallet-iOS-SDK-DemoUITests */ = {
			isa = PBXNativeTarget;
			buildConfigurationList = 717A5A6B1F04F4A200D6B1DC /* Build configuration list for PBXNativeTarget "SocialWallet-iOS-SDK-DemoUITests" */;
			buildPhases = (
				EE53A9974C8F5E8B29F5CD7F /* [CP] Check Pods Manifest.lock */,
				717A5A581F04F4A200D6B1DC /* Sources */,
				717A5A591F04F4A200D6B1DC /* Frameworks */,
				717A5A5A1F04F4A200D6B1DC /* Resources */,
				77A6F91F66BB94D349FDAB95 /* [CP] Embed Pods Frameworks */,
				4A44AEC5B62174E57BBABD27 /* [CP] Copy Pods Resources */,
			);
			buildRules = (
			);
			dependencies = (
				717A5A5E1F04F4A200D6B1DC /* PBXTargetDependency */,
			);
			name = "SocialWallet-iOS-SDK-DemoUITests";
			productName = "SocialWallet-iOS-SDK-DemoUITests";
			productReference = 717A5A5C1F04F4A200D6B1DC /* SocialWallet-iOS-SDK-DemoUITests.xctest */;
			productType = "com.apple.product-type.bundle.ui-testing";
		};
/* End PBXNativeTarget section */

/* Begin PBXProject section */
		717A5A351F04F4A200D6B1DC /* Project object */ = {
			isa = PBXProject;
			attributes = {
				LastSwiftUpdateCheck = 0830;
				LastUpgradeCheck = 0830;
				ORGANIZATIONNAME = "Soliton Digital Sdn Bhd";
				TargetAttributes = {
					717A5A3C1F04F4A200D6B1DC = {
						CreatedOnToolsVersion = 8.3.3;
						DevelopmentTeam = LL4L4Z533W;
						ProvisioningStyle = Automatic;
					};
					717A5A501F04F4A200D6B1DC = {
						CreatedOnToolsVersion = 8.3.3;
						DevelopmentTeam = LL4L4Z533W;
						ProvisioningStyle = Automatic;
						TestTargetID = 717A5A3C1F04F4A200D6B1DC;
					};
					717A5A5B1F04F4A200D6B1DC = {
						CreatedOnToolsVersion = 8.3.3;
						DevelopmentTeam = LL4L4Z533W;
						ProvisioningStyle = Automatic;
						TestTargetID = 717A5A3C1F04F4A200D6B1DC;
					};
				};
			};
			buildConfigurationList = 717A5A381F04F4A200D6B1DC /* Build configuration list for PBXProject "SocialWallet-iOS-SDK-Demo" */;
			compatibilityVersion = "Xcode 3.2";
			developmentRegion = English;
			hasScannedForEncodings = 0;
			knownRegions = (
				en,
				Base,
			);
			mainGroup = 717A5A341F04F4A200D6B1DC;
			productRefGroup = 717A5A3E1F04F4A200D6B1DC /* Products */;
			projectDirPath = "";
			projectRoot = "";
			targets = (
				717A5A3C1F04F4A200D6B1DC /* SocialWallet-iOS-SDK-Demo */,
				717A5A501F04F4A200D6B1DC /* SocialWallet-iOS-SDK-DemoTests */,
				717A5A5B1F04F4A200D6B1DC /* SocialWallet-iOS-SDK-DemoUITests */,
			);
		};
/* End PBXProject section */

/* Begin PBXResourcesBuildPhase section */
		717A5A3B1F04F4A200D6B1DC /* Resources */ = {
			isa = PBXResourcesBuildPhase;
			buildActionMask = 2147483647;
			files = (
				717A5A4B1F04F4A200D6B1DC /* LaunchScreen.storyboard in Resources */,
				717A5A481F04F4A200D6B1DC /* Assets.xcassets in Resources */,
				717A5A461F04F4A200D6B1DC /* Main.storyboard in Resources */,
			);
			runOnlyForDeploymentPostprocessing = 0;
		};
		717A5A4F1F04F4A200D6B1DC /* Resources */ = {
			isa = PBXResourcesBuildPhase;
			buildActionMask = 2147483647;
			files = (
			);
			runOnlyForDeploymentPostprocessing = 0;
		};
		717A5A5A1F04F4A200D6B1DC /* Resources */ = {
			isa = PBXResourcesBuildPhase;
			buildActionMask = 2147483647;
			files = (
			);
			runOnlyForDeploymentPostprocessing = 0;
		};
/* End PBXResourcesBuildPhase section */

/* Begin PBXShellScriptBuildPhase section */
		02DEE896A0E46B4CB34EECB7 /* [CP] Check Pods Manifest.lock */ = {
			isa = PBXShellScriptBuildPhase;
			buildActionMask = 2147483647;
			files = (
			);
			inputPaths = (
			);
			name = "[CP] Check Pods Manifest.lock";
			outputPaths = (
			);
			runOnlyForDeploymentPostprocessing = 0;
			shellPath = /bin/sh;
			shellScript = "diff \"${PODS_ROOT}/../Podfile.lock\" \"${PODS_ROOT}/Manifest.lock\" > /dev/null\nif [ $? != 0 ] ; then\n    # print error to STDERR\n    echo \"error: The sandbox is not in sync with the Podfile.lock. Run 'pod install' or update your CocoaPods installation.\" >&2\n    exit 1\nfi\n";
			showEnvVarsInLog = 0;
		};
		079EA41F64EBED951E38AFEF /* [CP] Check Pods Manifest.lock */ = {
			isa = PBXShellScriptBuildPhase;
			buildActionMask = 2147483647;
			files = (
			);
			inputPaths = (
			);
			name = "[CP] Check Pods Manifest.lock";
			outputPaths = (
			);
			runOnlyForDeploymentPostprocessing = 0;
			shellPath = /bin/sh;
			shellScript = "diff \"${PODS_ROOT}/../Podfile.lock\" \"${PODS_ROOT}/Manifest.lock\" > /dev/null\nif [ $? != 0 ] ; then\n    # print error to STDERR\n    echo \"error: The sandbox is not in sync with the Podfile.lock. Run 'pod install' or update your CocoaPods installation.\" >&2\n    exit 1\nfi\n";
			showEnvVarsInLog = 0;
		};
		4107DAEEBE575BD32E93984B /* [CP] Copy Pods Resources */ = {
			isa = PBXShellScriptBuildPhase;
			buildActionMask = 2147483647;
			files = (
			);
			inputPaths = (
			);
			name = "[CP] Copy Pods Resources";
			outputPaths = (
			);
			runOnlyForDeploymentPostprocessing = 0;
			shellPath = /bin/sh;
			shellScript = "\"${SRCROOT}/Pods/Target Support Files/Pods-SocialWallet-iOS-SDK-DemoTests/Pods-SocialWallet-iOS-SDK-DemoTests-resources.sh\"\n";
			showEnvVarsInLog = 0;
		};
		4A44AEC5B62174E57BBABD27 /* [CP] Copy Pods Resources */ = {
			isa = PBXShellScriptBuildPhase;
			buildActionMask = 2147483647;
			files = (
			);
			inputPaths = (
			);
			name = "[CP] Copy Pods Resources";
			outputPaths = (
			);
			runOnlyForDeploymentPostprocessing = 0;
			shellPath = /bin/sh;
			shellScript = "\"${SRCROOT}/Pods/Target Support Files/Pods-SocialWallet-iOS-SDK-DemoUITests/Pods-SocialWallet-iOS-SDK-DemoUITests-resources.sh\"\n";
			showEnvVarsInLog = 0;
		};
		77A6F91F66BB94D349FDAB95 /* [CP] Embed Pods Frameworks */ = {
			isa = PBXShellScriptBuildPhase;
			buildActionMask = 2147483647;
			files = (
			);
			inputPaths = (
			);
			name = "[CP] Embed Pods Frameworks";
			outputPaths = (
			);
			runOnlyForDeploymentPostprocessing = 0;
			shellPath = /bin/sh;
			shellScript = "\"${SRCROOT}/Pods/Target Support Files/Pods-SocialWallet-iOS-SDK-DemoUITests/Pods-SocialWallet-iOS-SDK-DemoUITests-frameworks.sh\"\n";
			showEnvVarsInLog = 0;
		};
		968039C68D96AFD83D8F22CB /* [CP] Copy Pods Resources */ = {
			isa = PBXShellScriptBuildPhase;
			buildActionMask = 2147483647;
			files = (
			);
			inputPaths = (
			);
			name = "[CP] Copy Pods Resources";
			outputPaths = (
			);
			runOnlyForDeploymentPostprocessing = 0;
			shellPath = /bin/sh;
			shellScript = "\"${SRCROOT}/Pods/Target Support Files/Pods-SocialWallet-iOS-SDK-Demo/Pods-SocialWallet-iOS-SDK-Demo-resources.sh\"\n";
			showEnvVarsInLog = 0;
		};
		9ED8B1BD3DB27E5C9104DA6C /* [CP] Embed Pods Frameworks */ = {
			isa = PBXShellScriptBuildPhase;
			buildActionMask = 2147483647;
			files = (
			);
			inputPaths = (
			);
			name = "[CP] Embed Pods Frameworks";
			outputPaths = (
			);
			runOnlyForDeploymentPostprocessing = 0;
			shellPath = /bin/sh;
			shellScript = "\"${SRCROOT}/Pods/Target Support Files/Pods-SocialWallet-iOS-SDK-Demo/Pods-SocialWallet-iOS-SDK-Demo-frameworks.sh\"\n";
			showEnvVarsInLog = 0;
		};
		DAC55B490919D159B4D50B4B /* [CP] Embed Pods Frameworks */ = {
			isa = PBXShellScriptBuildPhase;
			buildActionMask = 2147483647;
			files = (
			);
			inputPaths = (
			);
			name = "[CP] Embed Pods Frameworks";
			outputPaths = (
			);
			runOnlyForDeploymentPostprocessing = 0;
			shellPath = /bin/sh;
			shellScript = "\"${SRCROOT}/Pods/Target Support Files/Pods-SocialWallet-iOS-SDK-DemoTests/Pods-SocialWallet-iOS-SDK-DemoTests-frameworks.sh\"\n";
			showEnvVarsInLog = 0;
		};
		EE53A9974C8F5E8B29F5CD7F /* [CP] Check Pods Manifest.lock */ = {
			isa = PBXShellScriptBuildPhase;
			buildActionMask = 2147483647;
			files = (
			);
			inputPaths = (
			);
			name = "[CP] Check Pods Manifest.lock";
			outputPaths = (
			);
			runOnlyForDeploymentPostprocessing = 0;
			shellPath = /bin/sh;
			shellScript = "diff \"${PODS_ROOT}/../Podfile.lock\" \"${PODS_ROOT}/Manifest.lock\" > /dev/null\nif [ $? != 0 ] ; then\n    # print error to STDERR\n    echo \"error: The sandbox is not in sync with the Podfile.lock. Run 'pod install' or update your CocoaPods installation.\" >&2\n    exit 1\nfi\n";
			showEnvVarsInLog = 0;
		};
/* End PBXShellScriptBuildPhase section */

/* Begin PBXSourcesBuildPhase section */
		717A5A391F04F4A200D6B1DC /* Sources */ = {
			isa = PBXSourcesBuildPhase;
			buildActionMask = 2147483647;
			files = (
				718746EA1F220CEA00760112 /* ViewController.swift in Sources */,
				717A5A411F04F4A200D6B1DC /* AppDelegate.swift in Sources */,
				716D9CC81FC333A800DADF05 /* GetUserNameCallback.swift in Sources */,
				716D9CCA1FC333BC00DADF05 /* BackToRequestApp.swift in Sources */,
			);
			runOnlyForDeploymentPostprocessing = 0;
		};
		717A5A4D1F04F4A200D6B1DC /* Sources */ = {
			isa = PBXSourcesBuildPhase;
			buildActionMask = 2147483647;
			files = (
				717A5A561F04F4A200D6B1DC /* SocialWallet_iOS_SDK_DemoTests.swift in Sources */,
			);
			runOnlyForDeploymentPostprocessing = 0;
		};
		717A5A581F04F4A200D6B1DC /* Sources */ = {
			isa = PBXSourcesBuildPhase;
			buildActionMask = 2147483647;
			files = (
				717A5A611F04F4A200D6B1DC /* SocialWallet_iOS_SDK_DemoUITests.swift in Sources */,
			);
			runOnlyForDeploymentPostprocessing = 0;
		};
/* End PBXSourcesBuildPhase section */

/* Begin PBXTargetDependency section */
		717A5A531F04F4A200D6B1DC /* PBXTargetDependency */ = {
			isa = PBXTargetDependency;
			target = 717A5A3C1F04F4A200D6B1DC /* SocialWallet-iOS-SDK-Demo */;
			targetProxy = 717A5A521F04F4A200D6B1DC /* PBXContainerItemProxy */;
		};
		717A5A5E1F04F4A200D6B1DC /* PBXTargetDependency */ = {
			isa = PBXTargetDependency;
			target = 717A5A3C1F04F4A200D6B1DC /* SocialWallet-iOS-SDK-Demo */;
			targetProxy = 717A5A5D1F04F4A200D6B1DC /* PBXContainerItemProxy */;
		};
/* End PBXTargetDependency section */

/* Begin PBXVariantGroup section */
		717A5A441F04F4A200D6B1DC /* Main.storyboard */ = {
			isa = PBXVariantGroup;
			children = (
				717A5A451F04F4A200D6B1DC /* Base */,
			);
			name = Main.storyboard;
			sourceTree = "<group>";
		};
		717A5A491F04F4A200D6B1DC /* LaunchScreen.storyboard */ = {
			isa = PBXVariantGroup;
			children = (
				717A5A4A1F04F4A200D6B1DC /* Base */,
			);
			name = LaunchScreen.storyboard;
			sourceTree = "<group>";
		};
/* End PBXVariantGroup section */

/* Begin XCBuildConfiguration section */
		717A5A631F04F4A200D6B1DC /* Debug */ = {
			isa = XCBuildConfiguration;
			buildSettings = {
				ALWAYS_SEARCH_USER_PATHS = NO;
				CLANG_ANALYZER_NONNULL = YES;
				CLANG_ANALYZER_NUMBER_OBJECT_CONVERSION = YES_AGGRESSIVE;
				CLANG_CXX_LANGUAGE_STANDARD = "gnu++0x";
				CLANG_CXX_LIBRARY = "libc++";
				CLANG_ENABLE_MODULES = YES;
				CLANG_ENABLE_OBJC_ARC = YES;
				CLANG_WARN_BOOL_CONVERSION = YES;
				CLANG_WARN_CONSTANT_CONVERSION = YES;
				CLANG_WARN_DIRECT_OBJC_ISA_USAGE = YES_ERROR;
				CLANG_WARN_DOCUMENTATION_COMMENTS = YES;
				CLANG_WARN_EMPTY_BODY = YES;
				CLANG_WARN_ENUM_CONVERSION = YES;
				CLANG_WARN_INFINITE_RECURSION = YES;
				CLANG_WARN_INT_CONVERSION = YES;
				CLANG_WARN_OBJC_ROOT_CLASS = YES_ERROR;
				CLANG_WARN_SUSPICIOUS_MOVE = YES;
				CLANG_WARN_UNREACHABLE_CODE = YES;
				CLANG_WARN__DUPLICATE_METHOD_MATCH = YES;
				"CODE_SIGN_IDENTITY[sdk=iphoneos*]" = "iPhone Developer";
				COPY_PHASE_STRIP = NO;
				DEBUG_INFORMATION_FORMAT = dwarf;
				ENABLE_STRICT_OBJC_MSGSEND = YES;
				ENABLE_TESTABILITY = YES;
				GCC_C_LANGUAGE_STANDARD = gnu99;
				GCC_DYNAMIC_NO_PIC = NO;
				GCC_NO_COMMON_BLOCKS = YES;
				GCC_OPTIMIZATION_LEVEL = 0;
				GCC_PREPROCESSOR_DEFINITIONS = (
					"DEBUG=1",
					"$(inherited)",
				);
				GCC_WARN_64_TO_32_BIT_CONVERSION = YES;
				GCC_WARN_ABOUT_RETURN_TYPE = YES_ERROR;
				GCC_WARN_UNDECLARED_SELECTOR = YES;
				GCC_WARN_UNINITIALIZED_AUTOS = YES_AGGRESSIVE;
				GCC_WARN_UNUSED_FUNCTION = YES;
				GCC_WARN_UNUSED_VARIABLE = YES;
				IPHONEOS_DEPLOYMENT_TARGET = 10.3;
				MTL_ENABLE_DEBUG_INFO = YES;
				ONLY_ACTIVE_ARCH = YES;
				SDKROOT = iphoneos;
				SWIFT_ACTIVE_COMPILATION_CONDITIONS = DEBUG;
				SWIFT_OPTIMIZATION_LEVEL = "-Owholemodule";
				TARGETED_DEVICE_FAMILY = "1,2";
			};
			name = Debug;
		};
		717A5A641F04F4A200D6B1DC /* Release */ = {
			isa = XCBuildConfiguration;
			buildSettings = {
				ALWAYS_SEARCH_USER_PATHS = NO;
				CLANG_ANALYZER_NONNULL = YES;
				CLANG_ANALYZER_NUMBER_OBJECT_CONVERSION = YES_AGGRESSIVE;
				CLANG_CXX_LANGUAGE_STANDARD = "gnu++0x";
				CLANG_CXX_LIBRARY = "libc++";
				CLANG_ENABLE_MODULES = YES;
				CLANG_ENABLE_OBJC_ARC = YES;
				CLANG_WARN_BOOL_CONVERSION = YES;
				CLANG_WARN_CONSTANT_CONVERSION = YES;
				CLANG_WARN_DIRECT_OBJC_ISA_USAGE = YES_ERROR;
				CLANG_WARN_DOCUMENTATION_COMMENTS = YES;
				CLANG_WARN_EMPTY_BODY = YES;
				CLANG_WARN_ENUM_CONVERSION = YES;
				CLANG_WARN_INFINITE_RECURSION = YES;
				CLANG_WARN_INT_CONVERSION = YES;
				CLANG_WARN_OBJC_ROOT_CLASS = YES_ERROR;
				CLANG_WARN_SUSPICIOUS_MOVE = YES;
				CLANG_WARN_UNREACHABLE_CODE = YES;
				CLANG_WARN__DUPLICATE_METHOD_MATCH = YES;
				"CODE_SIGN_IDENTITY[sdk=iphoneos*]" = "iPhone Developer";
				COPY_PHASE_STRIP = NO;
				DEBUG_INFORMATION_FORMAT = "dwarf-with-dsym";
				ENABLE_NS_ASSERTIONS = NO;
				ENABLE_STRICT_OBJC_MSGSEND = YES;
				GCC_C_LANGUAGE_STANDARD = gnu99;
				GCC_NO_COMMON_BLOCKS = YES;
				GCC_WARN_64_TO_32_BIT_CONVERSION = YES;
				GCC_WARN_ABOUT_RETURN_TYPE = YES_ERROR;
				GCC_WARN_UNDECLARED_SELECTOR = YES;
				GCC_WARN_UNINITIALIZED_AUTOS = YES_AGGRESSIVE;
				GCC_WARN_UNUSED_FUNCTION = YES;
				GCC_WARN_UNUSED_VARIABLE = YES;
				IPHONEOS_DEPLOYMENT_TARGET = 10.3;
				MTL_ENABLE_DEBUG_INFO = NO;
				SDKROOT = iphoneos;
				SWIFT_OPTIMIZATION_LEVEL = "-Owholemodule";
				TARGETED_DEVICE_FAMILY = "1,2";
				VALIDATE_PRODUCT = YES;
			};
			name = Release;
		};
		717A5A661F04F4A200D6B1DC /* Debug */ = {
			isa = XCBuildConfiguration;
			baseConfigurationReference = 0A99D00F90F90B290F554070 /* Pods-SocialWallet-iOS-SDK-Demo.debug.xcconfig */;
			buildSettings = {
				ASSETCATALOG_COMPILER_APPICON_NAME = AppIcon;
				DEVELOPMENT_TEAM = LL4L4Z533W;
				INFOPLIST_FILE = "SocialWallet-iOS-SDK-Demo/Info.plist";
				LD_RUNPATH_SEARCH_PATHS = "$(inherited) @executable_path/Frameworks";
				PRODUCT_BUNDLE_IDENTIFIER = "com.solitondigital.SocialWallet-iOS-SDK-Demo";
				PRODUCT_NAME = "$(TARGET_NAME)";
				SWIFT_VERSION = 3.0;
			};
			name = Debug;
		};
		717A5A671F04F4A200D6B1DC /* Release */ = {
			isa = XCBuildConfiguration;
			baseConfigurationReference = 30B3185F4BDB5F297C910681 /* Pods-SocialWallet-iOS-SDK-Demo.release.xcconfig */;
			buildSettings = {
				ASSETCATALOG_COMPILER_APPICON_NAME = AppIcon;
				DEVELOPMENT_TEAM = LL4L4Z533W;
				INFOPLIST_FILE = "SocialWallet-iOS-SDK-Demo/Info.plist";
				LD_RUNPATH_SEARCH_PATHS = "$(inherited) @executable_path/Frameworks";
				PRODUCT_BUNDLE_IDENTIFIER = "com.solitondigital.SocialWallet-iOS-SDK-Demo";
				PRODUCT_NAME = "$(TARGET_NAME)";
				SWIFT_VERSION = 3.0;
			};
			name = Release;
		};
		717A5A691F04F4A200D6B1DC /* Debug */ = {
			isa = XCBuildConfiguration;
			baseConfigurationReference = A49261187DC51D3AB1831B17 /* Pods-SocialWallet-iOS-SDK-DemoTests.debug.xcconfig */;
			buildSettings = {
				ALWAYS_EMBED_SWIFT_STANDARD_LIBRARIES = YES;
				BUNDLE_LOADER = "$(TEST_HOST)";
				DEVELOPMENT_TEAM = LL4L4Z533W;
				INFOPLIST_FILE = "SocialWallet-iOS-SDK-DemoTests/Info.plist";
				LD_RUNPATH_SEARCH_PATHS = "$(inherited) @executable_path/Frameworks @loader_path/Frameworks";
				PRODUCT_BUNDLE_IDENTIFIER = "com.solitondigital.SocialWallet-iOS-SDK-DemoTests";
				PRODUCT_NAME = "$(TARGET_NAME)";
				SWIFT_VERSION = 3.0;
				TEST_HOST = "$(BUILT_PRODUCTS_DIR)/SocialWallet-iOS-SDK-Demo.app/SocialWallet-iOS-SDK-Demo";
			};
			name = Debug;
		};
		717A5A6A1F04F4A200D6B1DC /* Release */ = {
			isa = XCBuildConfiguration;
			baseConfigurationReference = 5FA7025021916D87A9FC86C3 /* Pods-SocialWallet-iOS-SDK-DemoTests.release.xcconfig */;
			buildSettings = {
				ALWAYS_EMBED_SWIFT_STANDARD_LIBRARIES = YES;
				BUNDLE_LOADER = "$(TEST_HOST)";
				DEVELOPMENT_TEAM = LL4L4Z533W;
				INFOPLIST_FILE = "SocialWallet-iOS-SDK-DemoTests/Info.plist";
				LD_RUNPATH_SEARCH_PATHS = "$(inherited) @executable_path/Frameworks @loader_path/Frameworks";
				PRODUCT_BUNDLE_IDENTIFIER = "com.solitondigital.SocialWallet-iOS-SDK-DemoTests";
				PRODUCT_NAME = "$(TARGET_NAME)";
				SWIFT_VERSION = 3.0;
				TEST_HOST = "$(BUILT_PRODUCTS_DIR)/SocialWallet-iOS-SDK-Demo.app/SocialWallet-iOS-SDK-Demo";
			};
			name = Release;
		};
		717A5A6C1F04F4A200D6B1DC /* Debug */ = {
			isa = XCBuildConfiguration;
			baseConfigurationReference = F47E65E1A02C83162EDA932F /* Pods-SocialWallet-iOS-SDK-DemoUITests.debug.xcconfig */;
			buildSettings = {
				ALWAYS_EMBED_SWIFT_STANDARD_LIBRARIES = YES;
				DEVELOPMENT_TEAM = LL4L4Z533W;
				INFOPLIST_FILE = "SocialWallet-iOS-SDK-DemoUITests/Info.plist";
				LD_RUNPATH_SEARCH_PATHS = "$(inherited) @executable_path/Frameworks @loader_path/Frameworks";
				PRODUCT_BUNDLE_IDENTIFIER = "com.solitondigital.SocialWallet-iOS-SDK-DemoUITests";
				PRODUCT_NAME = "$(TARGET_NAME)";
				SWIFT_VERSION = 3.0;
				TEST_TARGET_NAME = "SocialWallet-iOS-SDK-Demo";
			};
			name = Debug;
		};
		717A5A6D1F04F4A200D6B1DC /* Release */ = {
			isa = XCBuildConfiguration;
			baseConfigurationReference = 817FAE78F9AAA00E663DF760 /* Pods-SocialWallet-iOS-SDK-DemoUITests.release.xcconfig */;
			buildSettings = {
				ALWAYS_EMBED_SWIFT_STANDARD_LIBRARIES = YES;
				DEVELOPMENT_TEAM = LL4L4Z533W;
				INFOPLIST_FILE = "SocialWallet-iOS-SDK-DemoUITests/Info.plist";
				LD_RUNPATH_SEARCH_PATHS = "$(inherited) @executable_path/Frameworks @loader_path/Frameworks";
				PRODUCT_BUNDLE_IDENTIFIER = "com.solitondigital.SocialWallet-iOS-SDK-DemoUITests";
				PRODUCT_NAME = "$(TARGET_NAME)";
				SWIFT_VERSION = 3.0;
				TEST_TARGET_NAME = "SocialWallet-iOS-SDK-Demo";
			};
			name = Release;
		};
/* End XCBuildConfiguration section */

/* Begin XCConfigurationList section */
		717A5A381F04F4A200D6B1DC /* Build configuration list for PBXProject "SocialWallet-iOS-SDK-Demo" */ = {
			isa = XCConfigurationList;
			buildConfigurations = (
				717A5A631F04F4A200D6B1DC /* Debug */,
				717A5A641F04F4A200D6B1DC /* Release */,
			);
			defaultConfigurationIsVisible = 0;
			defaultConfigurationName = Release;
		};
		717A5A651F04F4A200D6B1DC /* Build configuration list for PBXNativeTarget "SocialWallet-iOS-SDK-Demo" */ = {
			isa = XCConfigurationList;
			buildConfigurations = (
				717A5A661F04F4A200D6B1DC /* Debug */,
				717A5A671F04F4A200D6B1DC /* Release */,
			);
			defaultConfigurationIsVisible = 0;
			defaultConfigurationName = Release;
		};
		717A5A681F04F4A200D6B1DC /* Build configuration list for PBXNativeTarget "SocialWallet-iOS-SDK-DemoTests" */ = {
			isa = XCConfigurationList;
			buildConfigurations = (
				717A5A691F04F4A200D6B1DC /* Debug */,
				717A5A6A1F04F4A200D6B1DC /* Release */,
			);
			defaultConfigurationIsVisible = 0;
			defaultConfigurationName = Release;
		};
		717A5A6B1F04F4A200D6B1DC /* Build configuration list for PBXNativeTarget "SocialWallet-iOS-SDK-DemoUITests" */ = {
			isa = XCConfigurationList;
			buildConfigurations = (
				717A5A6C1F04F4A200D6B1DC /* Debug */,
				717A5A6D1F04F4A200D6B1DC /* Release */,
			);
			defaultConfigurationIsVisible = 0;
			defaultConfigurationName = Release;
		};
/* End XCConfigurationList section */
	};
	rootObject = 717A5A351F04F4A200D6B1DC /* Project object */;
}
